{
  "originHash" : "11128a2ceba3c42f2a6d1104b1f856442b35faff72d0f19d98d37345f7c6d324",
  "pins" : [
    {
      "identity" : "factory",
      "kind" : "remoteSourceControl",
      "location" : "https://github.com/hmlongco/Factory",
      "state" : {
        "revision" : "56129530a97d89d03f610685d348d333af4989bb",
        "version" : "2.5.2"
      }
    }
  ],
  "version" : 3
}
